
Microsoft Visual Studio Solution File, Format Version 12.00
# Visual Studio 15
VisualStudioVersion = 15.0.26730.15
MinimumVisualStudioVersion = 10.0.40219.1
Project("{FAE04EC0-301F-11D3-BF4B-00C04F79EFBC}") = "so thusai gon", "so thusai gon\so thusai gon.csproj", "{2C72549F-9BBE-49BF-970C-C4219A5F0DE2}"
EndProject
Global
	GlobalSection(SolutionConfigurationPlatforms) = preSolution
		Debug|Any CPU = Debug|Any CPU
		Release|Any CPU = Release|Any CPU
	EndGlobalSection
	GlobalSection(ProjectConfigurationPlatforms) = postSolution
		{2C72549F-9BBE-49BF-970C-C4219A5F0DE2}.Debug|Any CPU.ActiveCfg = Debug|Any CPU
		{2C72549F-9BBE-49BF-970C-C4219A5F0DE2}.Debug|Any CPU.Build.0 = Debug|Any CPU
		{2C72549F-9BBE-49BF-970C-C4219A5F0DE2}.Release|Any CPU.ActiveCfg = Release|Any CPU
		{2C72549F-9BBE-49BF-970C-C4219A5F0DE2}.Release|Any CPU.Build.0 = Release|Any CPU
	EndGlobalSection
	GlobalSection(SolutionProperties) = preSolution
		HideSolutionNode = FALSE
	EndGlobalSection
	GlobalSection(ExtensibilityGlobals) = postSolution
		SolutionGuid = {A1FA82BE-06CE-42B1-8EB4-9A0C6905FA35}
	EndGlobalSection
EndGlobal
